
Microsoft Visual Studio Solution File, Format Version 12.00
# Visual Studio Version 16
VisualStudioVersion = 16.0.32413.511
MinimumVisualStudioVersion = 10.0.40219.1
Project("{FAE04EC0-301F-11D3-BF4B-00C04F79EFBC}") = "HomeWork_11", "HomeWork_11\HomeWork_11.csproj", "{F610029D-3FFB-40C6-9A9F-24AF8F20099B}"
EndProject
Global
	GlobalSection(SolutionConfigurationPlatforms) = preSolution
		Debug|Any CPU = Debug|Any CPU
		Release|Any CPU = Release|Any CPU
	EndGlobalSection
	GlobalSection(ProjectConfigurationPlatforms) = postSolution
		{F610029D-3FFB-40C6-9A9F-24AF8F20099B}.Debug|Any CPU.ActiveCfg = Debug|Any CPU
		{F610029D-3FFB-40C6-9A9F-24AF8F20099B}.Debug|Any CPU.Build.0 = Debug|Any CPU
		{F610029D-3FFB-40C6-9A9F-24AF8F20099B}.Release|Any CPU.ActiveCfg = Release|Any CPU
		{F610029D-3FFB-40C6-9A9F-24AF8F20099B}.Release|Any CPU.Build.0 = Release|Any CPU
	EndGlobalSection
	GlobalSection(SolutionProperties) = preSolution
		HideSolutionNode = FALSE
	EndGlobalSection
	GlobalSection(ExtensibilityGlobals) = postSolution
		SolutionGuid = {32D8A21C-4706-402B-910B-8AABA3567F8A}
	EndGlobalSection
EndGlobal
